
Microsoft Visual Studio Solution File, Format Version 12.00
# Visual Studio Version 17
VisualStudioVersion = 17.13.35828.75 d17.13
MinimumVisualStudioVersion = 10.0.40219.1
Project("{FAE04EC0-301F-11D3-BF4B-00C04F79EFBC}") = "PROJET PIIA", "PROJET PIIA.csproj", "{8B5DEA00-011B-4BF4-98E9-778FF2BD8606}"
EndProject
Global
	GlobalSection(SolutionConfigurationPlatforms) = preSolution
		Debug|Any CPU = Debug|Any CPU
		Release|Any CPU = Release|Any CPU
	EndGlobalSection
	GlobalSection(ProjectConfigurationPlatforms) = postSolution
		{8B5DEA00-011B-4BF4-98E9-778FF2BD8606}.Debug|Any CPU.ActiveCfg = Debug|Any CPU
		{8B5DEA00-011B-4BF4-98E9-778FF2BD8606}.Debug|Any CPU.Build.0 = Debug|Any CPU
		{8B5DEA00-011B-4BF4-98E9-778FF2BD8606}.Release|Any CPU.ActiveCfg = Release|Any CPU
		{8B5DEA00-011B-4BF4-98E9-778FF2BD8606}.Release|Any CPU.Build.0 = Release|Any CPU
	EndGlobalSection
	GlobalSection(SolutionProperties) = preSolution
		HideSolutionNode = FALSE
	EndGlobalSection
	GlobalSection(ExtensibilityGlobals) = postSolution
		SolutionGuid = {ABE3FD5F-37B4-4A04-B09F-6AF01708B86F}
	EndGlobalSection
EndGlobal
